{
    "_meta": {
        "hash": {
            "sha256": "b9fb466b86f57975d4d5f4c10841f105024e3539c4d6edcaa549d7f28396a2ad"
        },
        "pipfile-spec": 6,
        "requires": {
            "python_version": "3.8"
        },
        "sources": [
            {
                "name": "pypi",
                "url": "https://pypi.org/simple",
                "verify_ssl": true
            }
        ]
    },
    "default": {
        "ortools": {
            "hashes": [
                "sha256:3482cf3e1fcb85b70e5696554d3a1e3899187269a1570e1c70fdd760c9eb02bc",
                "sha256:3dbe504a7201a71f17fe20a30e276fd305951f63bfb9dc9c04a6908d956dcd30",
                "sha256:4a6b94a19bd255ea9767ea39c67d691abe220a55c300b67fca5f1e6f077c6527",
                "sha256:5fa318de5cc4fcba91013884c1dd7811b4e54c457ba12cbd839b5a2ea0346bea",
                "sha256:78653beee01b8bb3835d48f87726b8fe3a02d78357f8bec4bd202fda9e41f2ff",
                "sha256:b8d25c8dfdb5e621a3391446aa3a9c6a24ad65a018bcb89387496b24a7684448",
                "sha256:bae2249552cba029ad2677ddd014e33a106699c04424227c441adaf0eae09bac",
                "sha256:c38d47ec8efd5d439602fccd8c2e594bfeeee53d66c0a1270d8e8f67f9278783",
                "sha256:d469d733d58f63b6916f549b62dd28b525fddb6b1a785cd9b61c9b56a514025a",
                "sha256:f52efa7e8fdbd6846dab8d39adf0a4e49760b31fa74a69731a6eeaec71926649"
            ],
            "index": "pypi",
            "version": "==7.7.7810"
        },
        "protobuf": {
            "hashes": [
                "sha256:304e08440c4a41a0f3592d2a38934aad6919d692bb0edfb355548786728f9a5e",
                "sha256:49ef8ab4c27812a89a76fa894fe7a08f42f2147078392c0dee51d4a444ef6df5",
                "sha256:50b5fee674878b14baea73b4568dc478c46a31dd50157a5b5d2f71138243b1a9",
                "sha256:5524c7020eb1fb7319472cb75c4c3206ef18b34d6034d2ee420a60f99cddeb07",
                "sha256:612bc97e42b22af10ba25e4140963fbaa4c5181487d163f4eb55b0b15b3dfcd2",
                "sha256:6f349adabf1c004aba53f7b4633459f8ca8a09654bf7e69b509c95a454755776",
                "sha256:85b94d2653b0fdf6d879e39d51018bf5ccd86c81c04e18a98e9888694b98226f",
                "sha256:87535dc2d2ef007b9d44e309d2b8ea27a03d2fa09556a72364d706fcb7090828",
                "sha256:a7ab28a8f1f043c58d157bceb64f80e4d2f7f1b934bc7ff5e7f7a55a337ea8b0",
                "sha256:a96f8fc625e9ff568838e556f6f6ae8eca8b4837cdfb3f90efcb7c00e342a2eb",
                "sha256:b5a114ea9b7fc90c2cc4867a866512672a47f66b154c6d7ee7e48ddb68b68122",
                "sha256:be04fe14ceed7f8641e30f36077c1a654ff6f17d0c7a5283b699d057d150d82a",
                "sha256:bff02030bab8b969f4de597543e55bd05e968567acb25c0a87495a31eb09e925",
                "sha256:c9ca9f76805e5a637605f171f6c4772fc4a81eced4e2f708f79c75166a2c99ea",
                "sha256:e1464a4a2cf12f58f662c8e6421772c07947266293fb701cb39cd9c1e183f63c",
                "sha256:e72736dd822748b0721f41f9aaaf6a5b6d5cfc78f6c8690263aef8bba4457f0e",
                "sha256:eafe9fa19fcefef424ee089fb01ac7177ff3691af7cc2ae8791ae523eb6ca907",
                "sha256:f4b73736108a416c76c17a8a09bc73af3d91edaa26c682aaa460ef91a47168d3"
            ],
            "version": "==3.12.2"
        },
        "pygraphviz": {
            "hashes": [
                "sha256:50a829a305dc5a0fd1f9590748b19fece756093b581ac91e00c2c27c651d319d"
            ],
            "index": "pypi",
            "version": "==1.5"
        },
        "pyyaml": {
            "hashes": [
                "sha256:06a0d7ba600ce0b2d2fe2e78453a470b5a6e000a985dd4a4e54e436cc36b0e97",
                "sha256:240097ff019d7c70a4922b6869d8a86407758333f02203e0fc6ff79c5dcede76",
                "sha256:4f4b913ca1a7319b33cfb1369e91e50354d6f07a135f3b901aca02aa95940bd2",
                "sha256:69f00dca373f240f842b2931fb2c7e14ddbacd1397d57157a9b005a6a9942648",
                "sha256:73f099454b799e05e5ab51423c7bcf361c58d3206fa7b0d555426b1f4d9a3eaf",
                "sha256:74809a57b329d6cc0fdccee6318f44b9b8649961fa73144a98735b0aaf029f1f",
                "sha256:7739fc0fa8205b3ee8808aea45e968bc90082c10aef6ea95e855e10abf4a37b2",
                "sha256:95f71d2af0ff4227885f7a6605c37fd53d3a106fcab511b8860ecca9fcf400ee",
                "sha256:b8eac752c5e14d3eca0e6dd9199cd627518cb5ec06add0de9d32baeee6fe645d",
                "sha256:cc8955cfbfc7a115fa81d85284ee61147059a753344bc51098f3ccd69b0d7e0c",
                "sha256:d13155f591e6fcc1ec3b30685d50bf0711574e2c0dfffd7644babf8b5102ca1a"
            ],
            "index": "pypi",
            "version": "==5.3.1"
        },
        "six": {
            "hashes": [
                "sha256:30639c035cdb23534cd4aa2dd52c3bf48f06e5f4a941509c8bafd8ce11080259",
                "sha256:8b74bedcbbbaca38ff6d7491d76f2b06b3592611af620f8426e82dddb04a5ced"
            ],
            "markers": "python_version >= '2.7' and python_version not in '3.0, 3.1, 3.2, 3.3'",
            "version": "==1.15.0"
        }
    },
    "develop": {
        "flake8": {
            "hashes": [
                "sha256:15e351d19611c887e482fb960eae4d44845013cc142d42896e9862f775d8cf5c",
                "sha256:f04b9fcbac03b0a3e58c0ab3a0ecc462e023a9faf046d57794184028123aa208"
            ],
            "index": "pypi",
            "version": "==3.8.3"
        },
        "greenlet": {
            "hashes": [
                "sha256:1000038ba0ea9032948e2156a9c15f5686f36945e8f9906e6b8db49f358e7b52",
                "sha256:133ba06bad4e5f2f8bf6a0ac434e0fd686df749a86b3478903b92ec3a9c0c90b",
                "sha256:1429dc183b36ec972055e13250d96e174491559433eb3061691b446899b87384",
                "sha256:1b805231bfb7b2900a16638c3c8b45c694334c811f84463e52451e00c9412691",
                "sha256:3a35e33902b2e6079949feed7a2dafa5ac6f019da97bd255842bb22de3c11bf5",
                "sha256:5ea034d040e6ab1d2ae04ab05a3f37dbd719c4dee3804b13903d4cc794b1336e",
                "sha256:682328aa576ec393c1872615bcb877cf32d800d4a2f150e1a5dc7e56644010b1",
                "sha256:6e06eac722676797e8fce4adb8ad3dc57a1bb3adfb0dd3fdf8306c055a38456c",
                "sha256:7eed31f4efc8356e200568ba05ad645525f1fbd8674f1e5be61a493e715e3873",
                "sha256:80cb0380838bf4e48da6adedb0c7cd060c187bb4a75f67a5aa9ec33689b84872",
                "sha256:b0b2a984bbfc543d144d88caad6cc7ff4a71be77102014bd617bd88cfb038727",
                "sha256:c196a5394c56352e21cb7224739c6dd0075b69dd56f758505951d1d8d68cf8a9",
                "sha256:d83c1d38658b0f81c282b41238092ed89d8f93c6e342224ab73fb39e16848721",
                "sha256:df7de669cbf21de4b04a3ffc9920bc8426cab4c61365fa84d79bf97401a8bef7",
                "sha256:e5db19d4a7d41bbeb3dd89b49fc1bc7e6e515b51bbf32589c618655a0ebe0bf0",
                "sha256:e695ac8c3efe124d998230b219eb51afb6ef10524a50b3c45109c4b77a8a3a92",
                "sha256:eac2a3f659d5f41d6bbfb6a97733bc7800ea5e906dc873732e00cebb98cec9e4"
            ],
            "version": "==0.4.16"
        },
        "isort": {
            "hashes": [
                "sha256:54da7e92468955c4fceacd0c86bd0ec997b0e1ee80d97f67c35a78b719dccab1",
                "sha256:6e811fcb295968434526407adb8796944f1988c5b65e8139058f2014cbe100fd"
            ],
            "index": "pypi",
            "version": "==4.3.21"
        },
        "mccabe": {
            "hashes": [
                "sha256:ab8a6258860da4b6677da4bd2fe5dc2c659cff31b3ee4f7f5d64e79735b80d42",
                "sha256:dd8d182285a0fe56bace7f45b5e7d1a6ebcbf524e8f3bd87eb0f125271b8831f"
            ],
            "version": "==0.6.1"
        },
        "msgpack": {
            "hashes": [
                "sha256:002a0d813e1f7b60da599bdf969e632074f9eec1b96cbed8fb0973a63160a408",
                "sha256:25b3bc3190f3d9d965b818123b7752c5dfb953f0d774b454fd206c18fe384fb8",
                "sha256:271b489499a43af001a2e42f42d876bb98ccaa7e20512ff37ca78c8e12e68f84",
                "sha256:39c54fdebf5fa4dda733369012c59e7d085ebdfe35b6cf648f09d16708f1be5d",
                "sha256:4233b7f86c1208190c78a525cd3828ca1623359ef48f78a6fea4b91bb995775a",
                "sha256:5bea44181fc8e18eed1d0cd76e355073f00ce232ff9653a0ae88cb7d9e643322",
                "sha256:5dba6d074fac9b24f29aaf1d2d032306c27f04187651511257e7831733293ec2",
                "sha256:7a22c965588baeb07242cb561b63f309db27a07382825fc98aecaf0827c1538e",
                "sha256:908944e3f038bca67fcfedb7845c4a257c7749bf9818632586b53bcf06ba4b97",
                "sha256:9534d5cc480d4aff720233411a1f765be90885750b07df772380b34c10ecb5c0",
                "sha256:aa5c057eab4f40ec47ea6f5a9825846be2ff6bf34102c560bad5cad5a677c5be",
                "sha256:b3758dfd3423e358bbb18a7cccd1c74228dffa7a697e5be6cb9535de625c0dbf",
                "sha256:c901e8058dd6653307906c5f157f26ed09eb94a850dddd989621098d347926ab",
                "sha256:cec8bf10981ed70998d98431cd814db0ecf3384e6b113366e7f36af71a0fca08",
                "sha256:db685187a415f51d6b937257474ca72199f393dad89534ebbdd7d7a3b000080e",
                "sha256:e35b051077fc2f3ce12e7c6a34cf309680c63a842db3a0616ea6ed25ad20d272",
                "sha256:e7bbdd8e2b277b77782f3ce34734b0dfde6cbe94ddb74de8d733d603c7f9e2b1",
                "sha256:ea41c9219c597f1d2bf6b374d951d310d58684b5de9dc4bd2976db9e1e22c140"
            ],
            "index": "pypi",
            "version": "==1.0.0"
        },
        "neovim": {
            "hashes": [
                "sha256:a6a0e7a5b4433bf4e6ddcbc5c5ff44170be7d84259d002b8e8d8fb4ee78af60f"
            ],
            "index": "pypi",
            "version": "==0.3.1"
        },
        "pycodestyle": {
            "hashes": [
                "sha256:2295e7b2f6b5bd100585ebcb1f616591b652db8a741695b3d8f5d28bdc934367",
                "sha256:c58a7d2815e0e8d7972bf1803331fb0152f867bd89adf8a01dfd55085434192e"
            ],
            "markers": "python_version >= '2.7' and python_version not in '3.0, 3.1, 3.2, 3.3'",
            "version": "==2.6.0"
        },
        "pyflakes": {
            "hashes": [
                "sha256:0d94e0e05a19e57a99444b6ddcf9a6eb2e5c68d3ca1e98e90707af8152c90a92",
                "sha256:35b2d75ee967ea93b55750aa9edbbf72813e06a66ba54438df2cfac9e3c27fc8"
            ],
            "markers": "python_version >= '2.7' and python_version not in '3.0, 3.1, 3.2, 3.3'",
            "version": "==2.2.0"
        },
        "pynvim": {
            "hashes": [
                "sha256:55e918d664654cfa1c9889d3dbe7c63e9f338df5d49471663f78d54c85e84c58"
            ],
            "version": "==0.4.1"
        },
        "yapf": {
            "hashes": [
                "sha256:3000abee4c28daebad55da6c85f3cd07b8062ce48e2e9943c8da1b9667d48427",
                "sha256:3abf61ba67cf603069710d30acbc88cfe565d907e16ad81429ae90ce9651e0c9"
            ],
            "index": "pypi",
            "version": "==0.30.0"
        }
    }
}
